
Microsoft Visual Studio Solution File, Format Version 12.00
# Visual Studio Version 16
VisualStudioVersion = 16.0.30309.148
MinimumVisualStudioVersion = 10.0.40219.1
Project("{FAE04EC0-301F-11D3-BF4B-00C04F79EFBC}") = "Activity1Part3", "Activity1Part3.csproj", "{2D752E66-A7CE-44DD-AE53-586622779432}"
EndProject
Global
	GlobalSection(SolutionConfigurationPlatforms) = preSolution
		Debug|Any CPU = Debug|Any CPU
		Release|Any CPU = Release|Any CPU
	EndGlobalSection
	GlobalSection(ProjectConfigurationPlatforms) = postSolution
		{2D752E66-A7CE-44DD-AE53-586622779432}.Debug|Any CPU.ActiveCfg = Debug|Any CPU
		{2D752E66-A7CE-44DD-AE53-586622779432}.Debug|Any CPU.Build.0 = Debug|Any CPU
		{2D752E66-A7CE-44DD-AE53-586622779432}.Release|Any CPU.ActiveCfg = Release|Any CPU
		{2D752E66-A7CE-44DD-AE53-586622779432}.Release|Any CPU.Build.0 = Release|Any CPU
	EndGlobalSection
	GlobalSection(SolutionProperties) = preSolution
		HideSolutionNode = FALSE
	EndGlobalSection
	GlobalSection(ExtensibilityGlobals) = postSolution
		SolutionGuid = {E210E82C-3E54-486B-BFD1-9C4C3F3081B2}
	EndGlobalSection
EndGlobal
